<Project xmlns="http://schemas.microsoft.com/developer/msbuild/2003">
    <PropertyGroup>
        <ProjectGuid>{74823CDE-D4C9-414C-A5AB-9B4E3006F978}</ProjectGuid>
        <MainSource>FVTest.dpr</MainSource>
        <Base>True</Base>
        <Config Condition="'$(Config)'==''">Debug</Config>
        <ProjectName Condition="'$(ProjectName)'==''">FVTest</ProjectName>
        <TargetedPlatforms>1</TargetedPlatforms>
        <AppType>Console</AppType>
        <FrameworkType>None</FrameworkType>
        <ProjectVersion>20.3</ProjectVersion>
        <Platform Condition="'$(Platform)'==''">Win32</Platform>
    </PropertyGroup>
    <PropertyGroup Condition="'$(Config)'=='Base' or '$(Base)'!=''">
        <Base>true</Base>
    </PropertyGroup>
    <PropertyGroup Condition="('$(Platform)'=='Win32' and '$(Base)'=='true') or '$(Base_Win32)'!=''">
        <Base_Win32>true</Base_Win32>
        <CfgParent>Base</CfgParent>
        <Base>true</Base>
    </PropertyGroup>
    <PropertyGroup Condition="('$(Platform)'=='Win64' and '$(Base)'=='true') or '$(Base_Win64)'!=''">
        <Base_Win64>true</Base_Win64>
        <CfgParent>Base</CfgParent>
        <Base>true</Base>
    </PropertyGroup>
    <PropertyGroup Condition="'$(Config)'=='Release' or '$(Cfg_1)'!=''">
        <Cfg_1>true</Cfg_1>
        <CfgParent>Base</CfgParent>
        <Base>true</Base>
    </PropertyGroup>
    <PropertyGroup Condition="'$(Config)'=='Debug' or '$(Cfg_2)'!=''">
        <Cfg_2>true</Cfg_2>
        <CfgParent>Base</CfgParent>
        <Base>true</Base>
    </PropertyGroup>
    <PropertyGroup Condition="('$(Platform)'=='Win32' and '$(Cfg_2)'=='true') or '$(Cfg_2_Win32)'!=''">
        <Cfg_2_Win32>true</Cfg_2_Win32>
        <CfgParent>Cfg_2</CfgParent>
        <Cfg_2>true</Cfg_2>
        <Base>true</Base>
    </PropertyGroup>
    <PropertyGroup Condition="'$(Base)'!=''">
        <DCC_E>false</DCC_E>
        <DCC_F>false</DCC_F>
        <DCC_K>false</DCC_K>
        <DCC_N>false</DCC_N>
        <DCC_S>false</DCC_S>
        <DCC_ImageBase>00400000</DCC_ImageBase>
        <SanitizedProjectName>FVTest</SanitizedProjectName>
        <VerInfo_Locale>1031</VerInfo_Locale>
        <VerInfo_Keys>CompanyName=;FileDescription=;FileVersion=1.0.0.0;InternalName=;LegalCopyright=;LegalTrademarks=;OriginalFilename=;ProductName=;ProductVersion=1.0.0.0;Comments=;CFBundleName=</VerInfo_Keys>
        <DCC_Namespace>System;Xml;Data;Datasnap;Web;Soap;$(DCC_Namespace)</DCC_Namespace>
        <Icon_MainIcon>$(BDS)\bin\delphi_PROJECTICON.ico</Icon_MainIcon>
        <Icns_MainIcns>$(BDS)\bin\delphi_PROJECTICNS.icns</Icns_MainIcns>
    </PropertyGroup>
    <PropertyGroup Condition="'$(Base_Win32)'!=''">
        <DCC_Namespace>Winapi;System.Win;Data.Win;Datasnap.Win;Web.Win;Soap.Win;Xml.Win;Bde;$(DCC_Namespace)</DCC_Namespace>
        <BT_BuildType>Debug</BT_BuildType>
        <VerInfo_Keys>CompanyName=;FileDescription=$(MSBuildProjectName);FileVersion=1.0.0.0;InternalName=;LegalCopyright=;LegalTrademarks=;OriginalFilename=;ProgramID=com.embarcadero.$(MSBuildProjectName);ProductName=$(MSBuildProjectName);ProductVersion=1.0.0.0;Comments=</VerInfo_Keys>
        <VerInfo_Locale>1033</VerInfo_Locale>
        <DCC_WriteableConstants>true</DCC_WriteableConstants>
        <Manifest_File>(Ohne)</Manifest_File>
        <AppDPIAwarenessMode>none</AppDPIAwarenessMode>
    </PropertyGroup>
    <PropertyGroup Condition="'$(Base_Win64)'!=''">
        <DCC_Namespace>Winapi;System.Win;Data.Win;Datasnap.Win;Web.Win;Soap.Win;Xml.Win;Bde;$(DCC_Namespace)</DCC_Namespace>
        <DCC_WriteableConstants>true</DCC_WriteableConstants>
    </PropertyGroup>
    <PropertyGroup Condition="'$(Cfg_1)'!=''">
        <DCC_Define>RELEASE;$(DCC_Define)</DCC_Define>
        <DCC_DebugInformation>0</DCC_DebugInformation>
        <DCC_LocalDebugSymbols>false</DCC_LocalDebugSymbols>
        <DCC_SymbolReferenceInfo>0</DCC_SymbolReferenceInfo>
    </PropertyGroup>
    <PropertyGroup Condition="'$(Cfg_2)'!=''">
        <DCC_Define>DEBUG;$(DCC_Define)</DCC_Define>
        <DCC_Optimize>false</DCC_Optimize>
        <DCC_GenerateStackFrames>true</DCC_GenerateStackFrames>
        <DCC_RangeChecking>false</DCC_RangeChecking>
        <DCC_IntegerOverflowCheck>true</DCC_IntegerOverflowCheck>
    </PropertyGroup>
    <PropertyGroup Condition="'$(Cfg_2_Win32)'!=''">
        <DCC_WriteableConstants>true</DCC_WriteableConstants>
        <VerInfo_Locale>1033</VerInfo_Locale>
        <VerInfo_Keys>CompanyName=;FileDescription=$(MSBuildProjectName);FileVersion=1.0.0.0;InternalName=;LegalCopyright=;LegalTrademarks=;OriginalFilename=;ProgramID=com.embarcadero.$(MSBuildProjectName);ProductName=$(MSBuildProjectName);ProductVersion=1.0.0.0;Comments=</VerInfo_Keys>
        <Manifest_File>(Ohne)</Manifest_File>
        <AppDPIAwarenessMode>none</AppDPIAwarenessMode>
    </PropertyGroup>
    <ItemGroup>
        <DelphiCompile Include="$(MainSource)">
            <MainSource>MainSource</MainSource>
        </DelphiCompile>
        <DCCReference Include="src\FVInterfaces.pas"/>
        <DCCReference Include="src\FVSerialization.pas"/>
        <DCCReference Include="src\Objects.pas"/>
        <DCCReference Include="src\FVScreen.pas"/>
        <DCCReference Include="src\FVBoxChars.pas"/>
        <DCCReference Include="src\FVUnicodeWidth.pas"/>
        <DCCReference Include="src\FVProfile.pas"/>
        <DCCReference Include="src\FVUTF8.pas"/>
        <DCCReference Include="src\Drivers.pas"/>
        <DCCReference Include="src\Views.pas"/>
        <DCCReference Include="src\Menus.pas"/>
        <DCCReference Include="src\histlist.pas"/>
        <DCCReference Include="src\fvconsts.pas"/>
        <DCCReference Include="src\app.pas"/>
        <DCCReference Include="src\FVCommon.pas"/>
        <DCCReference Include="src\Validate.pas"/>
        <DCCReference Include="src\Dialogs.pas"/>
        <DCCReference Include="src\MsgBox.pas"/>
        <DCCReference Include="src\StdDlg.pas"/>
        <DCCReference Include="src\ColorTxt.pas"/>
        <DCCReference Include="src\Time.pas"/>
        <DCCReference Include="src\Gadgets.pas"/>
        <DCCReference Include="src\InpLong.pas"/>
        <DCCReference Include="src\AsciiTab.pas"/>
        <DCCReference Include="src\TimedDlg.pas"/>
        <DCCReference Include="src\Tabs.pas"/>
        <DCCReference Include="src\Statuses.pas"/>
        <DCCReference Include="src\ColorSel.pas"/>
        <DCCReference Include="src\Outline.pas"/>
        <DCCReference Include="src\Editors.pas"/>
        <DCCReference Include="src\Calendar.pas"/>
        <DCCReference Include="src\Grid.pas"/>
        <DCCReference Include="src\ConPTY.pas"/>
        <DCCReference Include="src\Terminal.pas"/>
        <DCCReference Include="src\HexEdit.pas"/>
        <DCCReference Include="src\UptimeView.pas"/>
        <DCCReference Include="src\ToggleSwitch.pas"/>
        <DCCReference Include="src\LogViewer.pas"/>
        <DCCReference Include="src\LEDDigits.pas"/>
        <DCCReference Include="src\BlinkIndicator.pas"/>
        <DCCReference Include="src\Marquee.pas"/>
        <DCCReference Include="src\Sparkline.pas"/>
        <DCCReference Include="src\BarChart.pas"/>
        <DCCReference Include="src\VUMeter.pas"/>
        <DCCReference Include="src\RAMView.pas"/>
        <DCCReference Include="src\DiskUsageView.pas"/>
        <DCCReference Include="src\ProcessView.pas"/>
        <DCCReference Include="src\CPUMeter.pas"/>
        <DCCReference Include="src\BatteryView.pas"/>
        <DCCReference Include="src\NetworkView.pas"/>
        <DCCReference Include="src\CPUCoreView.pas"/>
        <DCCReference Include="src\ProgressBar.pas"/>
        <DCCReference Include="src\Breadcrumb.pas"/>
        <DCCReference Include="src\ToolBar.pas"/>
        <DCCReference Include="src\ComboBox.pas"/>
        <DCCReference Include="src\Splitter.pas"/>
        <DCCReference Include="src\Accordion.pas"/>
        <DCCReference Include="src\EditorGutter.pas"/>
        <DCCReference Include="src\Notification.pas"/>
        <DCCReference Include="src\SpinnerView.pas"/>
        <DCCReference Include="src\TaskProgress.pas"/>
        <DCCReference Include="src\CheckListBox.pas"/>
        <DCCReference Include="src\FVClipboard.pas"/>
        <DCCReference Include="src\SixelEncoder.pas"/>
        <DCCReference Include="src\SixelView.pas"/>
        <DCCReference Include="src\ImageView.pas"/>
        <DCCReference Include="src\TreeView.pas"/>
        <DCCReference Include="src\PopupMenu.pas"/>
        <DCCReference Include="src\FuzzyFinder.pas"/>
        <DCCReference Include="src\Tooltip.pas"/>
        <DCCReference Include="src\SyntaxHighlight.pas"/>
        <DCCReference Include="src\MarkdownView.pas"/>
        <BuildConfiguration Include="Base">
            <Key>Base</Key>
        </BuildConfiguration>
        <BuildConfiguration Include="Release">
            <Key>Cfg_1</Key>
            <CfgParent>Base</CfgParent>
        </BuildConfiguration>
        <BuildConfiguration Include="Debug">
            <Key>Cfg_2</Key>
            <CfgParent>Base</CfgParent>
        </BuildConfiguration>
    </ItemGroup>
    <ProjectExtensions>
        <Borland.Personality>Delphi.Personality.12</Borland.Personality>
        <Borland.ProjectType/>
        <BorlandProject>
            <Delphi.Personality>
                <Source>
                    <Source Name="MainSource">FVTest.dpr</Source>
                </Source>
                <Excluded_Packages>
                    <Excluded_Packages Name="$(BDSBIN)\dcloffice2k370.bpl">Microsoft Office 2000 Beispiele für gekapselte Komponenten für Automatisierungsserver</Excluded_Packages>
                    <Excluded_Packages Name="$(BDSBIN)\dclofficexp370.bpl">Microsoft Office XP Beispiele für gekapselte Komponenten für Automation Server</Excluded_Packages>
                </Excluded_Packages>
            </Delphi.Personality>
            <Platforms>
                <Platform value="Win32">True</Platform>
                <Platform value="Win64">False</Platform>
            </Platforms>
        </BorlandProject>
        <ProjectFileVersion>12</ProjectFileVersion>
    </ProjectExtensions>
    <Import Project="$(BDS)\Bin\CodeGear.Delphi.Targets" Condition="Exists('$(BDS)\Bin\CodeGear.Delphi.Targets')"/>
    <Import Project="$(APPDATA)\Embarcadero\$(BDSAPPDATABASEDIR)\$(PRODUCTVERSION)\UserTools.proj" Condition="Exists('$(APPDATA)\Embarcadero\$(BDSAPPDATABASEDIR)\$(PRODUCTVERSION)\UserTools.proj')"/>
</Project>
